{
  "requires": true,
  "lockfileVersion": 1,
  "dependencies": {
    "compromise": {
      "version": "11.8.0",
      "integrity": "sha512-FLhCtVHyMc8O3HYmTQZcWozSbosuE2AwkBdJ5uBS7NI3t0Wh0IIgj9oN4lBuiKg/pLr50CO1Ne3v7mMB6jq4dw==",
      "dev": true,
      "requires": {
        "efrt-unpack": "2.0.3"
      }
    },
    "efrt-unpack": {
      "version": "2.0.3",
      "resolved": "https://registry.npmjs.org/efrt-unpack/-/efrt-unpack-2.0.3.tgz",
      "integrity": "sha512-ocvMy2FUrwdO8mfbe8abpb9hEC8GqifH5/VONgb9aPNOTakRcJVTaLMBG6TBQ64Y7qEVABIkVA9jacdKJErE+g==",
      "dev": true
    }
  }
}
