{
  "requires": true,
  "lockfileVersion": 1,
  "dependencies": {
    "compromise": {
      "version": "11.9.0",
      "resolved": "https://registry.npmjs.org/compromise/-/compromise-11.9.0.tgz",
      "integrity": "sha512-MqOgM0WJLERT5TYQVg6TZHKN1ARoyUujDqu04EWGigFIcCdyWWI/AF/TCySwHkKKR/gPAj/1ImeCJwqb8oBGuQ==",
      "dev": true,
      "requires": {
        "efrt-unpack": "2.0.3"
      }
    },
    "efrt-unpack": {
      "version": "2.0.3",
      "resolved": "https://registry.npmjs.org/efrt-unpack/-/efrt-unpack-2.0.3.tgz",
      "integrity": "sha512-ocvMy2FUrwdO8mfbe8abpb9hEC8GqifH5/VONgb9aPNOTakRcJVTaLMBG6TBQ64Y7qEVABIkVA9jacdKJErE+g==",
      "dev": true
    }
  }
}
